# This file is generated by running "yarn install" inside your project.
# Manual changes might be lost - proceed with caution!

__metadata:
  version: 8
  cacheKey: 10c0

"@esbuild/aix-ppc64@npm:0.19.10":
  version: 0.19.10
  resolution: "@esbuild/aix-ppc64@npm:0.19.10"
  conditions: os=aix & cpu=ppc64
  languageName: node
  linkType: hard

"@esbuild/android-arm64@npm:0.19.10":
  version: 0.19.10
  resolution: "@esbuild/android-arm64@npm:0.19.10"
  conditions: os=android & cpu=arm64
  languageName: node
  linkType: hard

"@esbuild/android-arm@npm:0.19.10":
  version: 0.19.10
  resolution: "@esbuild/android-arm@npm:0.19.10"
  conditions: os=android & cpu=arm
  languageName: node
  linkType: hard

"@esbuild/android-x64@npm:0.19.10":
  version: 0.19.10
  resolution: "@esbuild/android-x64@npm:0.19.10"
  conditions: os=android & cpu=x64
  languageName: node
  linkType: hard

"@esbuild/darwin-arm64@npm:0.19.10":
  version: 0.19.10
  resolution: "@esbuild/darwin-arm64@npm:0.19.10"
  conditions: os=darwin & cpu=arm64
  languageName: node
  linkType: hard

"@esbuild/darwin-x64@npm:0.19.10":
  version: 0.19.10
  resolution: "@esbuild/darwin-x64@npm:0.19.10"
  conditions: os=darwin & cpu=x64
  languageName: node
  linkType: hard

"@esbuild/freebsd-arm64@npm:0.19.10":
  version: 0.19.10
  resolution: "@esbuild/freebsd-arm64@npm:0.19.10"
  conditions: os=freebsd & cpu=arm64
  languageName: node
  linkType: hard

"@esbuild/freebsd-x64@npm:0.19.10":
  version: 0.19.10
  resolution: "@esbuild/freebsd-x64@npm:0.19.10"
  conditions: os=freebsd & cpu=x64
  languageName: node
  linkType: hard

"@esbuild/linux-arm64@npm:0.19.10":
  version: 0.19.10
  resolution: "@esbuild/linux-arm64@npm:0.19.10"
  conditions: os=linux & cpu=arm64
  languageName: node
  linkType: hard

"@esbuild/linux-arm@npm:0.19.10":
  version: 0.19.10
  resolution: "@esbuild/linux-arm@npm:0.19.10"
  conditions: os=linux & cpu=arm
  languageName: node
  linkType: hard

"@esbuild/linux-ia32@npm:0.19.10":
  version: 0.19.10
  resolution: "@esbuild/linux-ia32@npm:0.19.10"
  conditions: os=linux & cpu=ia32
  languageName: node
  linkType: hard

"@esbuild/linux-loong64@npm:0.19.10":
  version: 0.19.10
  resolution: "@esbuild/linux-loong64@npm:0.19.10"
  conditions: os=linux & cpu=loong64
  languageName: node
  linkType: hard

"@esbuild/linux-mips64el@npm:0.19.10":
  version: 0.19.10
  resolution: "@esbuild/linux-mips64el@npm:0.19.10"
  conditions: os=linux & cpu=mips64el
  languageName: node
  linkType: hard

"@esbuild/linux-ppc64@npm:0.19.10":
  version: 0.19.10
  resolution: "@esbuild/linux-ppc64@npm:0.19.10"
  conditions: os=linux & cpu=ppc64
  languageName: node
  linkType: hard

"@esbuild/linux-riscv64@npm:0.19.10":
  version: 0.19.10
  resolution: "@esbuild/linux-riscv64@npm:0.19.10"
  conditions: os=linux & cpu=riscv64
  languageName: node
  linkType: hard

"@esbuild/linux-s390x@npm:0.19.10":
  version: 0.19.10
  resolution: "@esbuild/linux-s390x@npm:0.19.10"
  conditions: os=linux & cpu=s390x
  languageName: node
  linkType: hard

"@esbuild/linux-x64@npm:0.19.10":
  version: 0.19.10
  resolution: "@esbuild/linux-x64@npm:0.19.10"
  conditions: os=linux & cpu=x64
  languageName: node
  linkType: hard

"@esbuild/netbsd-x64@npm:0.19.10":
  version: 0.19.10
  resolution: "@esbuild/netbsd-x64@npm:0.19.10"
  conditions: os=netbsd & cpu=x64
  languageName: node
  linkType: hard

"@esbuild/openbsd-x64@npm:0.19.10":
  version: 0.19.10
  resolution: "@esbuild/openbsd-x64@npm:0.19.10"
  conditions: os=openbsd & cpu=x64
  languageName: node
  linkType: hard

"@esbuild/sunos-x64@npm:0.19.10":
  version: 0.19.10
  resolution: "@esbuild/sunos-x64@npm:0.19.10"
  conditions: os=sunos & cpu=x64
  languageName: node
  linkType: hard

"@esbuild/win32-arm64@npm:0.19.10":
  version: 0.19.10
  resolution: "@esbuild/win32-arm64@npm:0.19.10"
  conditions: os=win32 & cpu=arm64
  languageName: node
  linkType: hard

"@esbuild/win32-ia32@npm:0.19.10":
  version: 0.19.10
  resolution: "@esbuild/win32-ia32@npm:0.19.10"
  conditions: os=win32 & cpu=ia32
  languageName: node
  linkType: hard

"@esbuild/win32-x64@npm:0.19.10":
  version: 0.19.10
  resolution: "@esbuild/win32-x64@npm:0.19.10"
  conditions: os=win32 & cpu=x64
  languageName: node
  linkType: hard

"ansi-regex@npm:^4.1.0":
  version: 4.1.1
  resolution: "ansi-regex@npm:4.1.1"
  checksum: d36d34234d077e8770169d980fed7b2f3724bfa2a01da150ccd75ef9707c80e883d27cdf7a0eac2f145ac1d10a785a8a855cffd05b85f778629a0db62e7033da
  languageName: node
  linkType: hard

"ansi-regex@npm:^6.0.1":
  version: 6.1.0
  resolution: "ansi-regex@npm:6.1.0"
  checksum: a91daeddd54746338478eef88af3439a7edf30f8e23196e2d6ed182da9add559c601266dbef01c2efa46a958ad6f1f8b176799657616c702b5b02e799e7fd8dc
  languageName: node
  linkType: hard

"ansi-styles@npm:^3.2.0, ansi-styles@npm:^3.2.1":
  version: 3.2.1
  resolution: "ansi-styles@npm:3.2.1"
  dependencies:
    color-convert: "npm:^1.9.0"
  checksum: ece5a8ef069fcc5298f67e3f4771a663129abd174ea2dfa87923a2be2abf6cd367ef72ac87942da00ce85bd1d651d4cd8595aebdb1b385889b89b205860e977b
  languageName: node
  linkType: hard

"argparse@npm:^1.0.7":
  version: 1.0.10
  resolution: "argparse@npm:1.0.10"
  dependencies:
    sprintf-js: "npm:~1.0.2"
  checksum: b2972c5c23c63df66bca144dbc65d180efa74f25f8fd9b7d9a0a6c88ae839db32df3d54770dcb6460cf840d232b60695d1a6b1053f599d84e73f7437087712de
  languageName: node
  linkType: hard

"arrify@npm:^1.0.1":
  version: 1.0.1
  resolution: "arrify@npm:1.0.1"
  checksum: c35c8d1a81bcd5474c0c57fe3f4bad1a4d46a5fa353cedcff7a54da315df60db71829e69104b859dff96c5d68af46bd2be259fe5e50dc6aa9df3b36bea0383ab
  languageName: node
  linkType: hard

"camelcase@npm:^5.0.0":
  version: 5.3.1
  resolution: "camelcase@npm:5.3.1"
  checksum: 92ff9b443bfe8abb15f2b1513ca182d16126359ad4f955ebc83dc4ddcc4ef3fdd2c078bc223f2673dc223488e75c99b16cc4d056624374b799e6a1555cf61b23
  languageName: node
  linkType: hard

"chalk@npm:5.3.0":
  version: 5.3.0
  resolution: "chalk@npm:5.3.0"
  checksum: 8297d436b2c0f95801103ff2ef67268d362021b8210daf8ddbe349695333eb3610a71122172ff3b0272f1ef2cf7cc2c41fdaa4715f52e49ffe04c56340feed09
  languageName: node
  linkType: hard

"chalk@npm:^2.0.1":
  version: 2.4.2
  resolution: "chalk@npm:2.4.2"
  dependencies:
    ansi-styles: "npm:^3.2.1"
    escape-string-regexp: "npm:^1.0.5"
    supports-color: "npm:^5.3.0"
  checksum: e6543f02ec877732e3a2d1c3c3323ddb4d39fbab687c23f526e25bd4c6a9bf3b83a696e8c769d078e04e5754921648f7821b2a2acfd16c550435fd630026e073
  languageName: node
  linkType: hard

"cliui@npm:^5.0.0":
  version: 5.0.0
  resolution: "cliui@npm:5.0.0"
  dependencies:
    string-width: "npm:^3.1.0"
    strip-ansi: "npm:^5.2.0"
    wrap-ansi: "npm:^5.1.0"
  checksum: 76142bf306965850a71efd10c9755bd7f447c7c20dd652e1c1ce27d987f862a3facb3cceb2909cef6f0cb363646ee7a1735e3dfdd49f29ed16d733d33e15e2f8
  languageName: node
  linkType: hard

"color-convert@npm:^1.9.0":
  version: 1.9.3
  resolution: "color-convert@npm:1.9.3"
  dependencies:
    color-name: "npm:1.1.3"
  checksum: 5ad3c534949a8c68fca8fbc6f09068f435f0ad290ab8b2f76841b9e6af7e0bb57b98cb05b0e19fe33f5d91e5a8611ad457e5f69e0a484caad1f7487fd0e8253c
  languageName: node
  linkType: hard

"color-name@npm:1.1.3":
  version: 1.1.3
  resolution: "color-name@npm:1.1.3"
  checksum: 566a3d42cca25b9b3cd5528cd7754b8e89c0eb646b7f214e8e2eaddb69994ac5f0557d9c175eb5d8f0ad73531140d9c47525085ee752a91a2ab15ab459caf6d6
  languageName: node
  linkType: hard

"common-tags@npm:^1.4.0":
  version: 1.8.2
  resolution: "common-tags@npm:1.8.2"
  checksum: 23efe47ff0a1a7c91489271b3a1e1d2a171c12ec7f9b35b29b2fce51270124aff0ec890087e2bc2182c1cb746e232ab7561aaafe05f1e7452aea733d2bfe3f63
  languageName: node
  linkType: hard

"cross-spawn@npm:^7.0.3":
  version: 7.0.3
  resolution: "cross-spawn@npm:7.0.3"
  dependencies:
    path-key: "npm:^3.1.0"
    shebang-command: "npm:^2.0.0"
    which: "npm:^2.0.1"
  checksum: 5738c312387081c98d69c98e105b6327b069197f864a60593245d64c8089c8a0a744e16349281210d56835bb9274130d825a78b2ad6853ca13cfbeffc0c31750
  languageName: node
  linkType: hard

"debug@npm:^4.3.1":
  version: 4.3.7
  resolution: "debug@npm:4.3.7"
  dependencies:
    ms: "npm:^2.1.3"
  peerDependenciesMeta:
    supports-color:
      optional: true
  checksum: 1471db19c3b06d485a622d62f65947a19a23fbd0dd73f7fd3eafb697eec5360cde447fb075919987899b1a2096e85d35d4eb5a4de09a57600ac9cf7e6c8e768b
  languageName: node
  linkType: hard

"decamelize@npm:^1.2.0":
  version: 1.2.0
  resolution: "decamelize@npm:1.2.0"
  checksum: 85c39fe8fbf0482d4a1e224ef0119db5c1897f8503bcef8b826adff7a1b11414972f6fef2d7dec2ee0b4be3863cf64ac1439137ae9e6af23a3d8dcbe26a5b4b2
  languageName: node
  linkType: hard

"dotenv-cli@npm:7.3.0":
  version: 7.3.0
  resolution: "dotenv-cli@npm:7.3.0"
  dependencies:
    cross-spawn: "npm:^7.0.3"
    dotenv: "npm:^16.3.0"
    dotenv-expand: "npm:^10.0.0"
    minimist: "npm:^1.2.6"
  bin:
    dotenv: cli.js
  checksum: 1fbad462078fe75c105ff47345671c0a38e8b5416db93a8c669e4e62dd26e3c1db6157aec0926ad6159bb176393395a493f0a23fd6a3e182191cf6d8380c6f16
  languageName: node
  linkType: hard

"dotenv-expand@npm:^10.0.0":
  version: 10.0.0
  resolution: "dotenv-expand@npm:10.0.0"
  checksum: 298f5018e29cfdcb0b5f463ba8e8627749103fbcf6cf81c561119115754ed582deee37b49dfc7253028aaba875ab7aea5fa90e5dac88e511d009ab0e6677924e
  languageName: node
  linkType: hard

"dotenv@npm:^16.3.0":
  version: 16.4.5
  resolution: "dotenv@npm:16.4.5"
  checksum: 48d92870076832af0418b13acd6e5a5a3e83bb00df690d9812e94b24aff62b88ade955ac99a05501305b8dc8f1b0ee7638b18493deb6fe93d680e5220936292f
  languageName: node
  linkType: hard

"duplexer@npm:~0.1.1":
  version: 0.1.2
  resolution: "duplexer@npm:0.1.2"
  checksum: c57bcd4bdf7e623abab2df43a7b5b23d18152154529d166c1e0da6bee341d84c432d157d7e97b32fecb1bf3a8b8857dd85ed81a915789f550637ed25b8e64fc2
  languageName: node
  linkType: hard

"emoji-regex@npm:^10.3.0":
  version: 10.4.0
  resolution: "emoji-regex@npm:10.4.0"
  checksum: a3fcedfc58bfcce21a05a5f36a529d81e88d602100145fcca3dc6f795e3c8acc4fc18fe773fbf9b6d6e9371205edb3afa2668ec3473fa2aa7fd47d2a9d46482d
  languageName: node
  linkType: hard

"emoji-regex@npm:^7.0.1":
  version: 7.0.3
  resolution: "emoji-regex@npm:7.0.3"
  checksum: a8917d695c3a3384e4b7230a6a06fd2de6b3db3709116792e8b7b36ddbb3db4deb28ad3e983e70d4f2a1f9063b5dab9025e4e26e9ca08278da4fbb73e213743f
  languageName: node
  linkType: hard

"emoji-test-regex-pattern@npm:^2.1.0":
  version: 2.2.0
  resolution: "emoji-test-regex-pattern@npm:2.2.0"
  checksum: 9e5e61633146d618a633a1a8f6d727c48198172d569f01d805b19617801b1d015544d5b1c284d808a5483337ac395f9bbac2e33c7db8cee242701fb6e0b7fb51
  languageName: node
  linkType: hard

"envtrace@npm:0.0.2":
  version: 0.0.2
  resolution: "envtrace@npm:0.0.2"
  dependencies:
    debug: "npm:^4.3.1"
    quizzically: "npm:^0.0.1"
    ramda: "npm:^0.27.1"
    xtrace: "npm:^0.3.0"
  checksum: d9cea877216afda9cf925d778707ff3fcb35d7821cb67cad0a42dbed2cc4f71afbd40cf02e79fa604668bab11efffb36bf1247e56459eec734e34a737aaa82bd
  languageName: node
  linkType: hard

"esbuild@npm:0.19.10":
  version: 0.19.10
  resolution: "esbuild@npm:0.19.10"
  dependencies:
    "@esbuild/aix-ppc64": "npm:0.19.10"
    "@esbuild/android-arm": "npm:0.19.10"
    "@esbuild/android-arm64": "npm:0.19.10"
    "@esbuild/android-x64": "npm:0.19.10"
    "@esbuild/darwin-arm64": "npm:0.19.10"
    "@esbuild/darwin-x64": "npm:0.19.10"
    "@esbuild/freebsd-arm64": "npm:0.19.10"
    "@esbuild/freebsd-x64": "npm:0.19.10"
    "@esbuild/linux-arm": "npm:0.19.10"
    "@esbuild/linux-arm64": "npm:0.19.10"
    "@esbuild/linux-ia32": "npm:0.19.10"
    "@esbuild/linux-loong64": "npm:0.19.10"
    "@esbuild/linux-mips64el": "npm:0.19.10"
    "@esbuild/linux-ppc64": "npm:0.19.10"
    "@esbuild/linux-riscv64": "npm:0.19.10"
    "@esbuild/linux-s390x": "npm:0.19.10"
    "@esbuild/linux-x64": "npm:0.19.10"
    "@esbuild/netbsd-x64": "npm:0.19.10"
    "@esbuild/openbsd-x64": "npm:0.19.10"
    "@esbuild/sunos-x64": "npm:0.19.10"
    "@esbuild/win32-arm64": "npm:0.19.10"
    "@esbuild/win32-ia32": "npm:0.19.10"
    "@esbuild/win32-x64": "npm:0.19.10"
  dependenciesMeta:
    "@esbuild/aix-ppc64":
      optional: true
    "@esbuild/android-arm":
      optional: true
    "@esbuild/android-arm64":
      optional: true
    "@esbuild/android-x64":
      optional: true
    "@esbuild/darwin-arm64":
      optional: true
    "@esbuild/darwin-x64":
      optional: true
    "@esbuild/freebsd-arm64":
      optional: true
    "@esbuild/freebsd-x64":
      optional: true
    "@esbuild/linux-arm":
      optional: true
    "@esbuild/linux-arm64":
      optional: true
    "@esbuild/linux-ia32":
      optional: true
    "@esbuild/linux-loong64":
      optional: true
    "@esbuild/linux-mips64el":
      optional: true
    "@esbuild/linux-ppc64":
      optional: true
    "@esbuild/linux-riscv64":
      optional: true
    "@esbuild/linux-s390x":
      optional: true
    "@esbuild/linux-x64":
      optional: true
    "@esbuild/netbsd-x64":
      optional: true
    "@esbuild/openbsd-x64":
      optional: true
    "@esbuild/sunos-x64":
      optional: true
    "@esbuild/win32-arm64":
      optional: true
    "@esbuild/win32-ia32":
      optional: true
    "@esbuild/win32-x64":
      optional: true
  bin:
    esbuild: bin/esbuild
  checksum: e2d9012e664f4c02add4c002548fda1d06434d5bdecbf1471c89c1b361e7f88f62ebf1187fae6940e5c58d60c3dd5b4c4972bbf2df95c30270bfcc77543b463e
  languageName: node
  linkType: hard

"escape-string-regexp@npm:^1.0.5":
  version: 1.0.5
  resolution: "escape-string-regexp@npm:1.0.5"
  checksum: a968ad453dd0c2724e14a4f20e177aaf32bb384ab41b674a8454afe9a41c5e6fe8903323e0a1052f56289d04bd600f81278edf140b0fcc02f5cac98d0f5b5371
  languageName: node
  linkType: hard

"esprima@npm:^4.0.0":
  version: 4.0.1
  resolution: "esprima@npm:4.0.1"
  bin:
    esparse: ./bin/esparse.js
    esvalidate: ./bin/esvalidate.js
  checksum: ad4bab9ead0808cf56501750fd9d3fb276f6b105f987707d059005d57e182d18a7c9ec7f3a01794ebddcca676773e42ca48a32d67a250c9d35e009ca613caba3
  languageName: node
  linkType: hard

"event-stream@npm:=3.3.4":
  version: 3.3.4
  resolution: "event-stream@npm:3.3.4"
  dependencies:
    duplexer: "npm:~0.1.1"
    from: "npm:~0"
    map-stream: "npm:~0.1.0"
    pause-stream: "npm:0.0.11"
    split: "npm:0.3"
    stream-combiner: "npm:~0.0.4"
    through: "npm:~2.3.1"
  checksum: c3ec4e1efc27ab3e73a98923f0a2fa9a19051b87068fea2f3d53d2e4e8c5cfdadf8c8a115b17f3d90b16a46432d396bad91b6e8d0cceb3e449be717a03b75209
  languageName: node
  linkType: hard

"execa@npm:^5.0.0":
  version: 5.1.1
  resolution: "execa@npm:5.1.1"
  dependencies:
    cross-spawn: "npm:^7.0.3"
    get-stream: "npm:^6.0.0"
    human-signals: "npm:^2.1.0"
    is-stream: "npm:^2.0.0"
    merge-stream: "npm:^2.0.0"
    npm-run-path: "npm:^4.0.1"
    onetime: "npm:^5.1.2"
    signal-exit: "npm:^3.0.3"
    strip-final-newline: "npm:^2.0.0"
  checksum: c8e615235e8de4c5addf2fa4c3da3e3aa59ce975a3e83533b4f6a71750fb816a2e79610dc5f1799b6e28976c9ae86747a36a606655bf8cb414a74d8d507b304f
  languageName: node
  linkType: hard

"fast.js@npm:^0.1.1":
  version: 0.1.1
  resolution: "fast.js@npm:0.1.1"
  checksum: e84452f96a70c58279f155f2478d80954874a7982415aec77036410233d1a793954e70d7118e0f3f5b61c3cd1cbe35476db166749a9ceff8e5f4509b4ad90bde
  languageName: node
  linkType: hard

"fastest-levenshtein@npm:1.0.16":
  version: 1.0.16
  resolution: "fastest-levenshtein@npm:1.0.16"
  checksum: 7e3d8ae812a7f4fdf8cad18e9cde436a39addf266a5986f653ea0d81e0de0900f50c0f27c6d5aff3f686bcb48acbd45be115ae2216f36a6a13a7dbbf5cad878b
  languageName: node
  linkType: hard

"find-up@npm:^2.1.0":
  version: 2.1.0
  resolution: "find-up@npm:2.1.0"
  dependencies:
    locate-path: "npm:^2.0.0"
  checksum: c080875c9fe28eb1962f35cbe83c683796a0321899f1eed31a37577800055539815de13d53495049697d3ba313013344f843bb9401dd337a1b832be5edfc6840
  languageName: node
  linkType: hard

"find-up@npm:^3.0.0":
  version: 3.0.0
  resolution: "find-up@npm:3.0.0"
  dependencies:
    locate-path: "npm:^3.0.0"
  checksum: 2c2e7d0a26db858e2f624f39038c74739e38306dee42b45f404f770db357947be9d0d587f1cac72d20c114deb38aa57316e879eb0a78b17b46da7dab0a3bd6e3
  languageName: node
  linkType: hard

"fluture@npm:14.0.0":
  version: 14.0.0
  resolution: "fluture@npm:14.0.0"
  dependencies:
    sanctuary-show: "npm:^2.0.0"
    sanctuary-type-identifiers: "npm:^3.0.0"
  checksum: f58803df567c348017dfddc230d6535f41363a7b4d10d31e1dc39ef80f3ff3baa36cebd66a549f13a143ca364b0f69199b4f54367ffd8c3d7f3e415bc6b81748
  languageName: node
  linkType: hard

"from@npm:~0":
  version: 0.1.7
  resolution: "from@npm:0.1.7"
  checksum: 3aab5aea8fe8e1f12a5dee7f390d46a93431ce691b6222dcd5701c5d34378e51ca59b44967da1105a0f90fcdf5d7629d963d51e7ccd79827d19693bdcfb688d4
  languageName: node
  linkType: hard

"get-caller-file@npm:^2.0.1":
  version: 2.0.5
  resolution: "get-caller-file@npm:2.0.5"
  checksum: c6c7b60271931fa752aeb92f2b47e355eac1af3a2673f47c9589e8f8a41adc74d45551c1bc57b5e66a80609f10ffb72b6f575e4370d61cc3f7f3aaff01757cde
  languageName: node
  linkType: hard

"get-east-asian-width@npm:^1.0.0":
  version: 1.3.0
  resolution: "get-east-asian-width@npm:1.3.0"
  checksum: 1a049ba697e0f9a4d5514c4623781c5246982bdb61082da6b5ae6c33d838e52ce6726407df285cdbb27ec1908b333cf2820989bd3e986e37bb20979437fdf34b
  languageName: node
  linkType: hard

"get-stream@npm:^6.0.0":
  version: 6.0.1
  resolution: "get-stream@npm:6.0.1"
  checksum: 49825d57d3fd6964228e6200a58169464b8e8970489b3acdc24906c782fb7f01f9f56f8e6653c4a50713771d6658f7cfe051e5eb8c12e334138c9c918b296341
  languageName: node
  linkType: hard

"has-flag@npm:^3.0.0":
  version: 3.0.0
  resolution: "has-flag@npm:3.0.0"
  checksum: 1c6c83b14b8b1b3c25b0727b8ba3e3b647f99e9e6e13eb7322107261de07a4c1be56fc0d45678fc376e09772a3a1642ccdaf8fc69bdf123b6c086598397ce473
  languageName: node
  linkType: hard

"human-signals@npm:^2.1.0":
  version: 2.1.0
  resolution: "human-signals@npm:2.1.0"
  checksum: 695edb3edfcfe9c8b52a76926cd31b36978782062c0ed9b1192b36bebc75c4c87c82e178dfcb0ed0fc27ca59d434198aac0bd0be18f5781ded775604db22304a
  languageName: node
  linkType: hard

"is-fullwidth-code-point@npm:^2.0.0":
  version: 2.0.0
  resolution: "is-fullwidth-code-point@npm:2.0.0"
  checksum: e58f3e4a601fc0500d8b2677e26e9fe0cd450980e66adb29d85b6addf7969731e38f8e43ed2ec868a09c101a55ac3d8b78902209269f38c5286bc98f5bc1b4d9
  languageName: node
  linkType: hard

"is-object@npm:^1.0.1":
  version: 1.0.2
  resolution: "is-object@npm:1.0.2"
  checksum: 9cfb80c3a850f453d4a77297e0556bc2040ac6bea5b6e418aee208654938b36bab768169bef3945ccfac7a9bb460edd8034e7c6d8973bcf147d7571e1b53e764
  languageName: node
  linkType: hard

"is-stream@npm:^2.0.0":
  version: 2.0.1
  resolution: "is-stream@npm:2.0.1"
  checksum: 7c284241313fc6efc329b8d7f08e16c0efeb6baab1b4cd0ba579eb78e5af1aa5da11e68559896a2067cd6c526bd29241dda4eb1225e627d5aa1a89a76d4635a5
  languageName: node
  linkType: hard

"isexe@npm:^2.0.0":
  version: 2.0.0
  resolution: "isexe@npm:2.0.0"
  checksum: 228cfa503fadc2c31596ab06ed6aa82c9976eec2bfd83397e7eaf06d0ccf42cd1dfd6743bf9aeb01aebd4156d009994c5f76ea898d2832c1fe342da923ca457d
  languageName: node
  linkType: hard

"js-yaml@npm:^3.9.0":
  version: 3.14.1
  resolution: "js-yaml@npm:3.14.1"
  dependencies:
    argparse: "npm:^1.0.7"
    esprima: "npm:^4.0.0"
  bin:
    js-yaml: bin/js-yaml.js
  checksum: 6746baaaeac312c4db8e75fa22331d9a04cccb7792d126ed8ce6a0bbcfef0cedaddd0c5098fade53db067c09fe00aa1c957674b4765610a8b06a5a189e46433b
  languageName: node
  linkType: hard

"katsu-curry@npm:^0.7.8":
  version: 0.7.8
  resolution: "katsu-curry@npm:0.7.8"
  dependencies:
    fast.js: "npm:^0.1.1"
  checksum: cd22ffd2485409c3530b7d581c99f122b2918e56e0271915ddcca92d5c145938c52e5dc0626946cec72504069c564c6684def36f3186c0c0e288f42ec794892b
  languageName: node
  linkType: hard

"locate-path@npm:^2.0.0":
  version: 2.0.0
  resolution: "locate-path@npm:2.0.0"
  dependencies:
    p-locate: "npm:^2.0.0"
    path-exists: "npm:^3.0.0"
  checksum: 24efa0e589be6aa3c469b502f795126b26ab97afa378846cb508174211515633b770aa0ba610cab113caedab8d2a4902b061a08aaed5297c12ab6f5be4df0133
  languageName: node
  linkType: hard

"locate-path@npm:^3.0.0":
  version: 3.0.0
  resolution: "locate-path@npm:3.0.0"
  dependencies:
    p-locate: "npm:^3.0.0"
    path-exists: "npm:^3.0.0"
  checksum: 3db394b7829a7fe2f4fbdd25d3c4689b85f003c318c5da4052c7e56eed697da8f1bce5294f685c69ff76e32cba7a33629d94396976f6d05fb7f4c755c5e2ae8b
  languageName: node
  linkType: hard

"lodash@npm:^4.17.4":
  version: 4.17.21
  resolution: "lodash@npm:4.17.21"
  checksum: d8cbea072bb08655bb4c989da418994b073a608dffa608b09ac04b43a791b12aeae7cd7ad919aa4c925f33b48490b5cfe6c1f71d827956071dae2e7bb3a6b74c
  languageName: node
  linkType: hard

"manage-path@npm:^2.0.0":
  version: 2.0.0
  resolution: "manage-path@npm:2.0.0"
  checksum: 3e99cd7f1c3c35b893da6304ee75e2150de59ab1162588593ba8a9f3f5f019a7b83fa059b27aea61bb017cf82aa996e17afd80072660d1f45100a6a82e732071
  languageName: node
  linkType: hard

"map-stream@npm:~0.1.0":
  version: 0.1.0
  resolution: "map-stream@npm:0.1.0"
  checksum: 7dd6debe511c1b55d9da75e1efa65a28b1252a2d8357938d2e49b412713c478efbaefb0cdf0ee0533540c3bf733e8f9f71e1a15aa0fe74bf71b64e75bf1576bd
  languageName: node
  linkType: hard

"merge-stream@npm:^2.0.0":
  version: 2.0.0
  resolution: "merge-stream@npm:2.0.0"
  checksum: 867fdbb30a6d58b011449b8885601ec1690c3e41c759ecd5a9d609094f7aed0096c37823ff4a7190ef0b8f22cc86beb7049196ff68c016e3b3c671d0dac91ce5
  languageName: node
  linkType: hard

"mimic-fn@npm:^2.1.0":
  version: 2.1.0
  resolution: "mimic-fn@npm:2.1.0"
  checksum: b26f5479d7ec6cc2bce275a08f146cf78f5e7b661b18114e2506dd91ec7ec47e7a25bf4360e5438094db0560bcc868079fb3b1fb3892b833c1ecbf63f80c95a4
  languageName: node
  linkType: hard

"minimist@npm:^1.2.6":
  version: 1.2.8
  resolution: "minimist@npm:1.2.8"
  checksum: 19d3fcdca050087b84c2029841a093691a91259a47def2f18222f41e7645a0b7c44ef4b40e88a1e58a40c84d2ef0ee6047c55594d298146d0eb3f6b737c20ce6
  languageName: node
  linkType: hard

"ms@npm:^2.1.3":
  version: 2.1.3
  resolution: "ms@npm:2.1.3"
  checksum: d924b57e7312b3b63ad21fc5b3dc0af5e78d61a1fc7cfb5457edaf26326bf62be5307cc87ffb6862ef1c2b33b0233cdb5d4f01c4c958cc0d660948b65a287a48
  languageName: node
  linkType: hard

"npm-run-path@npm:^4.0.1":
  version: 4.0.1
  resolution: "npm-run-path@npm:4.0.1"
  dependencies:
    path-key: "npm:^3.0.0"
  checksum: 6f9353a95288f8455cf64cbeb707b28826a7f29690244c1e4bb61ec573256e021b6ad6651b394eb1ccfd00d6ec50147253aba2c5fe58a57ceb111fad62c519ac
  languageName: node
  linkType: hard

"nps@npm:^5.10.0":
  version: 5.10.0
  resolution: "nps@npm:5.10.0"
  dependencies:
    arrify: "npm:^1.0.1"
    chalk: "npm:^2.0.1"
    common-tags: "npm:^1.4.0"
    find-up: "npm:^2.1.0"
    js-yaml: "npm:^3.9.0"
    lodash: "npm:^4.17.4"
    manage-path: "npm:^2.0.0"
    prefix-matches: "npm:^1.0.1"
    readline-sync: "npm:^1.4.7"
    spawn-command-with-kill: "npm:^1.0.0"
    type-detect: "npm:^4.0.3"
    yargs: "npm:14.2.0"
  bin:
    nps: dist/bin/nps.js
  checksum: 402d3bf4450bdee062fcbbcc9d2b212f07850ca252403f72bc052e104f894bcc49c0516b1227fef1819eda3d98a0f28c65df9debf99db42edba0b2f807627c8c
  languageName: node
  linkType: hard

"onetime@npm:^5.1.2":
  version: 5.1.2
  resolution: "onetime@npm:5.1.2"
  dependencies:
    mimic-fn: "npm:^2.1.0"
  checksum: ffcef6fbb2692c3c40749f31ea2e22677a876daea92959b8a80b521d95cca7a668c884d8b2045d1d8ee7d56796aa405c405462af112a1477594cc63531baeb8f
  languageName: node
  linkType: hard

"p-limit@npm:^1.1.0":
  version: 1.3.0
  resolution: "p-limit@npm:1.3.0"
  dependencies:
    p-try: "npm:^1.0.0"
  checksum: 5c1b1d53d180b2c7501efb04b7c817448e10efe1ba46f4783f8951994d5027e4cd88f36ad79af50546682594c4ebd11702ac4b9364c47f8074890e2acad0edee
  languageName: node
  linkType: hard

"p-limit@npm:^2.0.0":
  version: 2.3.0
  resolution: "p-limit@npm:2.3.0"
  dependencies:
    p-try: "npm:^2.0.0"
  checksum: 8da01ac53efe6a627080fafc127c873da40c18d87b3f5d5492d465bb85ec7207e153948df6b9cbaeb130be70152f874229b8242ee2be84c0794082510af97f12
  languageName: node
  linkType: hard

"p-locate@npm:^2.0.0":
  version: 2.0.0
  resolution: "p-locate@npm:2.0.0"
  dependencies:
    p-limit: "npm:^1.1.0"
  checksum: 82da4be88fb02fd29175e66021610c881938d3cc97c813c71c1a605fac05617d57fd5d3b337494a6106c0edb2a37c860241430851411f1b265108cead34aee67
  languageName: node
  linkType: hard

"p-locate@npm:^3.0.0":
  version: 3.0.0
  resolution: "p-locate@npm:3.0.0"
  dependencies:
    p-limit: "npm:^2.0.0"
  checksum: 7b7f06f718f19e989ce6280ed4396fb3c34dabdee0df948376483032f9d5ec22fdf7077ec942143a75827bb85b11da72016497fc10dac1106c837ed593969ee8
  languageName: node
  linkType: hard

"p-try@npm:^1.0.0":
  version: 1.0.0
  resolution: "p-try@npm:1.0.0"
  checksum: 757ba31de5819502b80c447826fac8be5f16d3cb4fbf9bc8bc4971dba0682e84ac33e4b24176ca7058c69e29f64f34d8d9e9b08e873b7b7bb0aa89d620fa224a
  languageName: node
  linkType: hard

"p-try@npm:^2.0.0":
  version: 2.2.0
  resolution: "p-try@npm:2.2.0"
  checksum: c36c19907734c904b16994e6535b02c36c2224d433e01a2f1ab777237f4d86e6289fd5fd464850491e940379d4606ed850c03e0f9ab600b0ebddb511312e177f
  languageName: node
  linkType: hard

"path-exists@npm:^3.0.0":
  version: 3.0.0
  resolution: "path-exists@npm:3.0.0"
  checksum: 17d6a5664bc0a11d48e2b2127d28a0e58822c6740bde30403f08013da599182289c56518bec89407e3f31d3c2b6b296a4220bc3f867f0911fee6952208b04167
  languageName: node
  linkType: hard

"path-key@npm:^3.0.0, path-key@npm:^3.1.0":
  version: 3.1.1
  resolution: "path-key@npm:3.1.1"
  checksum: 748c43efd5a569c039d7a00a03b58eecd1d75f3999f5a28303d75f521288df4823bc057d8784eb72358b2895a05f29a070bc9f1f17d28226cc4e62494cc58c4c
  languageName: node
  linkType: hard

"pause-stream@npm:0.0.11":
  version: 0.0.11
  resolution: "pause-stream@npm:0.0.11"
  dependencies:
    through: "npm:~2.3"
  checksum: 86f12c64cdaaa8e45ebaca4e39a478e1442db8b4beabc280b545bfaf79c0e2f33c51efb554aace5c069cc441c7b924ba484837b345eaa4ba6fc940d62f826802
  languageName: node
  linkType: hard

"prefix-matches@npm:^1.0.1":
  version: 1.0.1
  resolution: "prefix-matches@npm:1.0.1"
  dependencies:
    is-object: "npm:^1.0.1"
    starts-with: "npm:^1.0.2"
  checksum: 0031e50fa9622d952da1b7ad11e217ca2866810a169ccd127b4fbfe187d9111d65af834c9ba446598cb35269efa71b38b9c720eea593300113e08cfd77cb2885
  languageName: node
  linkType: hard

"project-bin-path@npm:2.0.0":
  version: 2.0.0
  resolution: "project-bin-path@npm:2.0.0"
  dependencies:
    find-up: "npm:^2.1.0"
  checksum: 24a229354adbc0d81721a3d03372fe94f24ce4a0c2fe4c9adc29de49f669ff612f213cb038c9936b5060ddf8eca6cdec9a9b7b2d09b0c3820ef974c7eb5b4e00
  languageName: node
  linkType: hard

"ps-tree@npm:^1.2.0":
  version: 1.2.0
  resolution: "ps-tree@npm:1.2.0"
  dependencies:
    event-stream: "npm:=3.3.4"
  bin:
    ps-tree: ./bin/ps-tree.js
  checksum: 9d1c159e0890db5aa05f84d125193c2190a6c4ecd457596fd25e7611f8f747292a846459dcc0244e27d45529d4cea6d1010c3a2a087fad02624d12fdb7d97c22
  languageName: node
  linkType: hard

"quizzically@npm:^0.0.1":
  version: 0.0.1
  resolution: "quizzically@npm:0.0.1"
  dependencies:
    execa: "npm:^5.0.0"
    ramda: "npm:^0.27.1"
  checksum: 2714de985601bcc645c6a15d31dbae078b7a7715ad426392f97399bae3888483ee1076f768e458701aa053b27f0d7ba8a8592fb0ade65f4f9642d163109c0598
  languageName: node
  linkType: hard

"ramda@npm:0.29.1":
  version: 0.29.1
  resolution: "ramda@npm:0.29.1"
  checksum: 5de53a07400959c1a704c366ec52b1b8cd9a444dc1f9cdf17d607e0b9eeaa38cbaea309d43e59dbd7f36731ba977a64d40092555c0e7c2d4a41e8e922239c0ba
  languageName: node
  linkType: hard

"ramda@npm:^0.27.1":
  version: 0.27.2
  resolution: "ramda@npm:0.27.2"
  checksum: 1bbcb5bcde33ab2669810644f920b8af4e228967ff800962100803dcdad57b09c5eeee50d9871c74aa20ce496a2d96ec48774e545d7943c8f742ccac5e0fa072
  languageName: node
  linkType: hard

"readline-sync@npm:^1.4.7":
  version: 1.4.10
  resolution: "readline-sync@npm:1.4.10"
  checksum: 0a4d0fe4ad501f8f005a3c9cbf3cc0ae6ca2ced93e9a1c7c46f226bdfcb6ef5d3f437ae7e9d2e1098ee13524a3739c830e4c8dbc7f543a693eecd293e41093a3
  languageName: node
  linkType: hard

"require-directory@npm:^2.1.1":
  version: 2.1.1
  resolution: "require-directory@npm:2.1.1"
  checksum: 83aa76a7bc1531f68d92c75a2ca2f54f1b01463cb566cf3fbc787d0de8be30c9dbc211d1d46be3497dac5785fe296f2dd11d531945ac29730643357978966e99
  languageName: node
  linkType: hard

"require-main-filename@npm:^2.0.0":
  version: 2.0.0
  resolution: "require-main-filename@npm:2.0.0"
  checksum: db91467d9ead311b4111cbd73a4e67fa7820daed2989a32f7023785a2659008c6d119752d9c4ac011ae07e537eb86523adff99804c5fdb39cd3a017f9b401bb6
  languageName: node
  linkType: hard

"sanctuary-show@npm:^2.0.0":
  version: 2.0.0
  resolution: "sanctuary-show@npm:2.0.0"
  checksum: ab402cf03351afc4dcf6f10b98ca0d59a53ec654f2a6bdc3e374347bced25c5999c1096e24c03a67406fedf45f6700f19c8e0fbab9229531fe08f318f1ef52b1
  languageName: node
  linkType: hard

"sanctuary-type-identifiers@npm:^3.0.0":
  version: 3.0.0
  resolution: "sanctuary-type-identifiers@npm:3.0.0"
  checksum: 99382b3ccc51b359b6743e5ac04d9fc2a62f63b5b60de5a8153bf9cc40fbe25699aa352749aaf875b0615f29c0c7735cbc10578d569898075af2e256fe8d4056
  languageName: node
  linkType: hard

"set-blocking@npm:^2.0.0":
  version: 2.0.0
  resolution: "set-blocking@npm:2.0.0"
  checksum: 9f8c1b2d800800d0b589de1477c753492de5c1548d4ade52f57f1d1f5e04af5481554d75ce5e5c43d4004b80a3eb714398d6907027dc0534177b7539119f4454
  languageName: node
  linkType: hard

"shebang-command@npm:^2.0.0":
  version: 2.0.0
  resolution: "shebang-command@npm:2.0.0"
  dependencies:
    shebang-regex: "npm:^3.0.0"
  checksum: a41692e7d89a553ef21d324a5cceb5f686d1f3c040759c50aab69688634688c5c327f26f3ecf7001ebfd78c01f3c7c0a11a7c8bfd0a8bc9f6240d4f40b224e4e
  languageName: node
  linkType: hard

"shebang-regex@npm:^3.0.0":
  version: 3.0.0
  resolution: "shebang-regex@npm:3.0.0"
  checksum: 1dbed0726dd0e1152a92696c76c7f06084eb32a90f0528d11acd764043aacf76994b2fb30aa1291a21bd019d6699164d048286309a278855ee7bec06cf6fb690
  languageName: node
  linkType: hard

"signal-exit@npm:^3.0.3":
  version: 3.0.7
  resolution: "signal-exit@npm:3.0.7"
  checksum: 25d272fa73e146048565e08f3309d5b942c1979a6f4a58a8c59d5fa299728e9c2fcd1a759ec870863b1fd38653670240cd420dad2ad9330c71f36608a6a1c912
  languageName: node
  linkType: hard

"spawn-command-with-kill@npm:^1.0.0":
  version: 1.0.2
  resolution: "spawn-command-with-kill@npm:1.0.2"
  dependencies:
    ps-tree: "npm:^1.2.0"
    spawn-command: "npm:^0.0.2-1"
  checksum: 851e473b9f6dab8e1aced606b4e6515a2e1e4d7917f9d908487cbc009a77a1e47a489ebaefabe947b1e58f9aea22035feecf4fd13951ccb0c93210b5e463f23d
  languageName: node
  linkType: hard

"spawn-command@npm:^0.0.2-1":
  version: 0.0.2
  resolution: "spawn-command@npm:0.0.2"
  checksum: b22f2d71239e6e628a400831861ba747750bbb40c0a53323754cf7b84330b73d81e40ff1f9055e6d1971818679510208a9302e13d9ff3b32feb67e74d7a1b3ef
  languageName: node
  linkType: hard

"split@npm:0.3":
  version: 0.3.3
  resolution: "split@npm:0.3.3"
  dependencies:
    through: "npm:2"
  checksum: 88c09b1b4de84953bf5d6c153123a1fbb20addfea9381f70d27b4eb6b2bfbadf25d313f8f5d3fd727d5679b97bfe54da04766b91010f131635bf49e51d5db3fc
  languageName: node
  linkType: hard

"sprintf-js@npm:~1.0.2":
  version: 1.0.3
  resolution: "sprintf-js@npm:1.0.3"
  checksum: ecadcfe4c771890140da5023d43e190b7566d9cf8b2d238600f31bec0fc653f328da4450eb04bd59a431771a8e9cc0e118f0aa3974b683a4981b4e07abc2a5bb
  languageName: node
  linkType: hard

"starts-with@npm:^1.0.2":
  version: 1.0.2
  resolution: "starts-with@npm:1.0.2"
  checksum: 24bc1ba2ab40e2d3dc0a9caa163a0c9bb9076b9e4381ba29e4421263d465f8124d18ec7309655c604d40ebc14636508d4d12c86ec1d0aa6c97ef8ee9e3c4446e
  languageName: node
  linkType: hard

"stream-combiner@npm:~0.0.4":
  version: 0.0.4
  resolution: "stream-combiner@npm:0.0.4"
  dependencies:
    duplexer: "npm:~0.1.1"
  checksum: 8075a94c0eb0f20450a8236cb99d4ce3ea6e6a4b36d8baa7440b1a08cde6ffd227debadffaecd80993bd334282875d0e927ab5b88484625e01970dd251004ff5
  languageName: node
  linkType: hard

"string-width@npm:^3.0.0, string-width@npm:^3.1.0":
  version: 3.1.0
  resolution: "string-width@npm:3.1.0"
  dependencies:
    emoji-regex: "npm:^7.0.1"
    is-fullwidth-code-point: "npm:^2.0.0"
    strip-ansi: "npm:^5.1.0"
  checksum: 85fa0d4f106e7999bb68c1c640c76fa69fb8c069dab75b009e29c123914e2d3b532e6cfa4b9d1bd913176fc83dedd7a2d7bf40d21a81a8a1978432cedfb65b91
  languageName: node
  linkType: hard

"string-width@npm:^7.1.0":
  version: 7.2.0
  resolution: "string-width@npm:7.2.0"
  dependencies:
    emoji-regex: "npm:^10.3.0"
    get-east-asian-width: "npm:^1.0.0"
    strip-ansi: "npm:^7.1.0"
  checksum: eb0430dd43f3199c7a46dcbf7a0b34539c76fe3aa62763d0b0655acdcbdf360b3f66f3d58ca25ba0205f42ea3491fa00f09426d3b7d3040e506878fc7664c9b9
  languageName: node
  linkType: hard

"strip-ansi@npm:^5.0.0, strip-ansi@npm:^5.1.0, strip-ansi@npm:^5.2.0":
  version: 5.2.0
  resolution: "strip-ansi@npm:5.2.0"
  dependencies:
    ansi-regex: "npm:^4.1.0"
  checksum: de4658c8a097ce3b15955bc6008f67c0790f85748bdc025b7bc8c52c7aee94bc4f9e50624516150ed173c3db72d851826cd57e7a85fe4e4bb6dbbebd5d297fdf
  languageName: node
  linkType: hard

"strip-ansi@npm:^7.1.0":
  version: 7.1.0
  resolution: "strip-ansi@npm:7.1.0"
  dependencies:
    ansi-regex: "npm:^6.0.1"
  checksum: a198c3762e8832505328cbf9e8c8381de14a4fa50a4f9b2160138158ea88c0f5549fb50cb13c651c3088f47e63a108b34622ec18c0499b6c8c3a5ddf6b305ac4
  languageName: node
  linkType: hard

"strip-final-newline@npm:^2.0.0":
  version: 2.0.0
  resolution: "strip-final-newline@npm:2.0.0"
  checksum: bddf8ccd47acd85c0e09ad7375409d81653f645fda13227a9d459642277c253d877b68f2e5e4d819fe75733b0e626bac7e954c04f3236f6d196f79c94fa4a96f
  languageName: node
  linkType: hard

"superorganism@workspace:.":
  version: 0.0.0-use.local
  resolution: "superorganism@workspace:."
  dependencies:
    chalk: "npm:5.3.0"
    dotenv-cli: "npm:7.3.0"
    emoji-test-regex-pattern: "npm:^2.1.0"
    envtrace: "npm:0.0.2"
    esbuild: "npm:0.19.10"
    fastest-levenshtein: "npm:1.0.16"
    fluture: "npm:14.0.0"
    nps: "npm:^5.10.0"
    project-bin-path: "npm:2.0.0"
    ramda: "npm:0.29.1"
    string-width: "npm:^7.1.0"
  bin:
    superorganism: ./dist/cli.cjs
  languageName: unknown
  linkType: soft

"supports-color@npm:^5.3.0":
  version: 5.5.0
  resolution: "supports-color@npm:5.5.0"
  dependencies:
    has-flag: "npm:^3.0.0"
  checksum: 6ae5ff319bfbb021f8a86da8ea1f8db52fac8bd4d499492e30ec17095b58af11f0c55f8577390a749b1c4dde691b6a0315dab78f5f54c9b3d83f8fb5905c1c05
  languageName: node
  linkType: hard

"through@npm:2, through@npm:~2.3, through@npm:~2.3.1":
  version: 2.3.8
  resolution: "through@npm:2.3.8"
  checksum: 4b09f3774099de0d4df26d95c5821a62faee32c7e96fb1f4ebd54a2d7c11c57fe88b0a0d49cf375de5fee5ae6bf4eb56dbbf29d07366864e2ee805349970d3cc
  languageName: node
  linkType: hard

"type-detect@npm:^4.0.3":
  version: 4.1.0
  resolution: "type-detect@npm:4.1.0"
  checksum: df8157ca3f5d311edc22885abc134e18ff8ffbc93d6a9848af5b682730ca6a5a44499259750197250479c5331a8a75b5537529df5ec410622041650a7f293e2a
  languageName: node
  linkType: hard

"which-module@npm:^2.0.0":
  version: 2.0.1
  resolution: "which-module@npm:2.0.1"
  checksum: 087038e7992649eaffa6c7a4f3158d5b53b14cf5b6c1f0e043dccfacb1ba179d12f17545d5b85ebd94a42ce280a6fe65d0cbcab70f4fc6daad1dfae85e0e6a3e
  languageName: node
  linkType: hard

"which@npm:^2.0.1":
  version: 2.0.2
  resolution: "which@npm:2.0.2"
  dependencies:
    isexe: "npm:^2.0.0"
  bin:
    node-which: ./bin/node-which
  checksum: 66522872a768b60c2a65a57e8ad184e5372f5b6a9ca6d5f033d4b0dc98aff63995655a7503b9c0a2598936f532120e81dd8cc155e2e92ed662a2b9377cc4374f
  languageName: node
  linkType: hard

"wrap-ansi@npm:^5.1.0":
  version: 5.1.0
  resolution: "wrap-ansi@npm:5.1.0"
  dependencies:
    ansi-styles: "npm:^3.2.0"
    string-width: "npm:^3.0.0"
    strip-ansi: "npm:^5.0.0"
  checksum: fcd0b39b7453df512f2fe8c714a1c1b147fe3e6a4b5a2e4de6cadc3af47212f335eceaffe588e98322d6345e72672137e2c0b834d8a662e73a32296c1c8216bb
  languageName: node
  linkType: hard

"xtrace@npm:^0.3.0":
  version: 0.3.0
  resolution: "xtrace@npm:0.3.0"
  dependencies:
    katsu-curry: "npm:^0.7.8"
  checksum: ef8a1e7d446319c29187b0f4cb0c5f0f68376f103cb5e03ae3ab9175500d16cfa1b58e7abf7d29549687b045d309deab07cb634e49d2feb650528783497319ac
  languageName: node
  linkType: hard

"y18n@npm:^4.0.0":
  version: 4.0.3
  resolution: "y18n@npm:4.0.3"
  checksum: 308a2efd7cc296ab2c0f3b9284fd4827be01cfeb647b3ba18230e3a416eb1bc887ac050de9f8c4fd9e7856b2e8246e05d190b53c96c5ad8d8cb56dffb6f81024
  languageName: node
  linkType: hard

"yargs-parser@npm:^15.0.0":
  version: 15.0.3
  resolution: "yargs-parser@npm:15.0.3"
  dependencies:
    camelcase: "npm:^5.0.0"
    decamelize: "npm:^1.2.0"
  checksum: 396bba6fd8cbe568ea64c85583c6814d886719980ebadce03f34dd5f6b339e0260a364ab65a3e3b97db93ba2ecf0f544aac13b389f682b16170fabbfd2a20b1b
  languageName: node
  linkType: hard

"yargs@npm:14.2.0":
  version: 14.2.0
  resolution: "yargs@npm:14.2.0"
  dependencies:
    cliui: "npm:^5.0.0"
    decamelize: "npm:^1.2.0"
    find-up: "npm:^3.0.0"
    get-caller-file: "npm:^2.0.1"
    require-directory: "npm:^2.1.1"
    require-main-filename: "npm:^2.0.0"
    set-blocking: "npm:^2.0.0"
    string-width: "npm:^3.0.0"
    which-module: "npm:^2.0.0"
    y18n: "npm:^4.0.0"
    yargs-parser: "npm:^15.0.0"
  checksum: 5face3efc0db85f60b258a05cfd4f61bc4dc7107ef6d539c02fcd9fc6c358f8ba22b7a21e6f1f64ac5a8d95f22179ae7c4b27a287d626e50e9a534ba22d48def
  languageName: node
  linkType: hard
